// !$*UTF8*$!
{
	archiveVersion = 1;
	classes = {
	};
	objectVersion = 50;
	objects = {

/* Begin PBXBuildFile section */
		FF9B92312210EC6900DD033C /* AppDelegate.m in Sources */ = {isa = PBXBuildFile; fileRef = FF9B92302210EC6900DD033C /* AppDelegate.m */; };
		FF9B92342210EC6900DD033C /* FirstViewController.m in Sources */ = {isa = PBXBuildFile; fileRef = FF9B92332210EC6900DD033C /* FirstViewController.m */; };
		FF9B92372210EC6900DD033C /* SecondViewController.m in Sources */ = {isa = PBXBuildFile; fileRef = FF9B92362210EC6900DD033C /* SecondViewController.m */; };
		FF9B923A2210EC6900DD033C /* Main.storyboard in Resources */ = {isa = PBXBuildFile; fileRef = FF9B92382210EC6900DD033C /* Main.storyboard */; };
		FF9B923C2210EC6B00DD033C /* Assets.xcassets in Resources */ = {isa = PBXBuildFile; fileRef = FF9B923B2210EC6B00DD033C /* Assets.xcassets */; };
		FF9B923F2210EC6B00DD033C /* LaunchScreen.storyboard in Resources */ = {isa = PBXBuildFile; fileRef = FF9B923D2210EC6B00DD033C /* LaunchScreen.storyboard */; };
		FF9B92422210EC6B00DD033C /* main.m in Sources */ = {isa = PBXBuildFile; fileRef = FF9B92412210EC6B00DD033C /* main.m */; };
		FF9B924C2210EC6B00DD033C /* IOS_TP1_BonusTests.m in Sources */ = {isa = PBXBuildFile; fileRef = FF9B924B2210EC6B00DD033C /* IOS_TP1_BonusTests.m */; };
		FF9B92572210EC6B00DD033C /* IOS_TP1_BonusUITests.m in Sources */ = {isa = PBXBuildFile; fileRef = FF9B92562210EC6B00DD033C /* IOS_TP1_BonusUITests.m */; };
/* End PBXBuildFile section */

/* Begin PBXContainerItemProxy section */
		FF9B92482210EC6B00DD033C /* PBXContainerItemProxy */ = {
			isa = PBXContainerItemProxy;
			containerPortal = FF9B92242210EC6900DD033C /* Project object */;
			proxyType = 1;
			remoteGlobalIDString = FF9B922B2210EC6900DD033C;
			remoteInfo = IOS_TP1_Bonus;
		};
		FF9B92532210EC6B00DD033C /* PBXContainerItemProxy */ = {
			isa = PBXContainerItemProxy;
			containerPortal = FF9B92242210EC6900DD033C /* Project object */;
			proxyType = 1;
			remoteGlobalIDString = FF9B922B2210EC6900DD033C;
			remoteInfo = IOS_TP1_Bonus;
		};
/* End PBXContainerItemProxy section */

/* Begin PBXFileReference section */
		FF9B922C2210EC6900DD033C /* IOS_TP1_Bonus.app */ = {isa = PBXFileReference; explicitFileType = wrapper.application; includeInIndex = 0; path = IOS_TP1_Bonus.app; sourceTree = BUILT_PRODUCTS_DIR; };
		FF9B922F2210EC6900DD033C /* AppDelegate.h */ = {isa = PBXFileReference; lastKnownFileType = sourcecode.c.h; path = AppDelegate.h; sourceTree = "<group>"; };
		FF9B92302210EC6900DD033C /* AppDelegate.m */ = {isa = PBXFileReference; lastKnownFileType = sourcecode.c.objc; path = AppDelegate.m; sourceTree = "<group>"; };
		FF9B92322210EC6900DD033C /* FirstViewController.h */ = {isa = PBXFileReference; lastKnownFileType = sourcecode.c.h; path = FirstViewController.h; sourceTree = "<group>"; };
		FF9B92332210EC6900DD033C /* FirstViewController.m */ = {isa = PBXFileReference; lastKnownFileType = sourcecode.c.objc; path = FirstViewController.m; sourceTree = "<group>"; };
		FF9B92352210EC6900DD033C /* SecondViewController.h */ = {isa = PBXFileReference; lastKnownFileType = sourcecode.c.h; path = SecondViewController.h; sourceTree = "<group>"; };
		FF9B92362210EC6900DD033C /* SecondViewController.m */ = {isa = PBXFileReference; lastKnownFileType = sourcecode.c.objc; path = SecondViewController.m; sourceTree = "<group>"; };
		FF9B92392210EC6900DD033C /* Base */ = {isa = PBXFileReference; lastKnownFileType = file.storyboard; name = Base; path = Base.lproj/Main.storyboard; sourceTree = "<group>"; };
		FF9B923B2210EC6B00DD033C /* Assets.xcassets */ = {isa = PBXFileReference; lastKnownFileType = folder.assetcatalog; path = Assets.xcassets; sourceTree = "<group>"; };
		FF9B923E2210EC6B00DD033C /* Base */ = {isa = PBXFileReference; lastKnownFileType = file.storyboard; name = Base; path = Base.lproj/LaunchScreen.storyboard; sourceTree = "<group>"; };
		FF9B92402210EC6B00DD033C /* Info.plist */ = {isa = PBXFileReference; lastKnownFileType = text.plist.xml; path = Info.plist; sourceTree = "<group>"; };
		FF9B92412210EC6B00DD033C /* main.m */ = {isa = PBXFileReference; lastKnownFileType = sourcecode.c.objc; path = main.m; sourceTree = "<group>"; };
		FF9B92472210EC6B00DD033C /* IOS_TP1_BonusTests.xctest */ = {isa = PBXFileReference; explicitFileType = wrapper.cfbundle; includeInIndex = 0; path = IOS_TP1_BonusTests.xctest; sourceTree = BUILT_PRODUCTS_DIR; };
		FF9B924B2210EC6B00DD033C /* IOS_TP1_BonusTests.m */ = {isa = PBXFileReference; lastKnownFileType = sourcecode.c.objc; path = IOS_TP1_BonusTests.m; sourceTree = "<group>"; };
		FF9B924D2210EC6B00DD033C /* Info.plist */ = {isa = PBXFileReference; lastKnownFileType = text.plist.xml; path = Info.plist; sourceTree = "<group>"; };
		FF9B92522210EC6B00DD033C /* IOS_TP1_BonusUITests.xctest */ = {isa = PBXFileReference; explicitFileType = wrapper.cfbundle; includeInIndex = 0; path = IOS_TP1_BonusUITests.xctest; sourceTree = BUILT_PRODUCTS_DIR; };
		FF9B92562210EC6B00DD033C /* IOS_TP1_BonusUITests.m */ = {isa = PBXFileReference; lastKnownFileType = sourcecode.c.objc; path = IOS_TP1_BonusUITests.m; sourceTree = "<group>"; };
		FF9B92582210EC6B00DD033C /* Info.plist */ = {isa = PBXFileReference; lastKnownFileType = text.plist.xml; path = Info.plist; sourceTree = "<group>"; };
/* End PBXFileReference section */

/* Begin PBXFrameworksBuildPhase section */
		FF9B92292210EC6900DD033C /* Frameworks */ = {
			isa = PBXFrameworksBuildPhase;
			buildActionMask = 2147483647;
			files = (
			);
			runOnlyForDeploymentPostprocessing = 0;
		};
		FF9B92442210EC6B00DD033C /* Frameworks */ = {
			isa = PBXFrameworksBuildPhase;
			buildActionMask = 2147483647;
			files = (
			);
			runOnlyForDeploymentPostprocessing = 0;
		};
		FF9B924F2210EC6B00DD033C /* Frameworks */ = {
			isa = PBXFrameworksBuildPhase;
			buildActionMask = 2147483647;
			files = (
			);
			runOnlyForDeploymentPostprocessing = 0;
		};
/* End PBXFrameworksBuildPhase section */

/* Begin PBXGroup section */
		FF9B92232210EC6900DD033C = {
			isa = PBXGroup;
			children = (
				FF9B922E2210EC6900DD033C /* IOS_TP1_Bonus */,
				FF9B924A2210EC6B00DD033C /* IOS_TP1_BonusTests */,
				FF9B92552210EC6B00DD033C /* IOS_TP1_BonusUITests */,
				FF9B922D2210EC6900DD033C /* Products */,
			);
			sourceTree = "<group>";
		};
		FF9B922D2210EC6900DD033C /* Products */ = {
			isa = PBXGroup;
			children = (
				FF9B922C2210EC6900DD033C /* IOS_TP1_Bonus.app */,
				FF9B92472210EC6B00DD033C /* IOS_TP1_BonusTests.xctest */,
				FF9B92522210EC6B00DD033C /* IOS_TP1_BonusUITests.xctest */,
			);
			name = Products;
			sourceTree = "<group>";
		};
		FF9B922E2210EC6900DD033C /* IOS_TP1_Bonus */ = {
			isa = PBXGroup;
			children = (
				FF9B922F2210EC6900DD033C /* AppDelegate.h */,
				FF9B92302210EC6900DD033C /* AppDelegate.m */,
				FF9B92322210EC6900DD033C /* FirstViewController.h */,
				FF9B92332210EC6900DD033C /* FirstViewController.m */,
				FF9B92352210EC6900DD033C /* SecondViewController.h */,
				FF9B92362210EC6900DD033C /* SecondViewController.m */,
				FF9B92382210EC6900DD033C /* Main.storyboard */,
				FF9B923B2210EC6B00DD033C /* Assets.xcassets */,
				FF9B923D2210EC6B00DD033C /* LaunchScreen.storyboard */,
				FF9B92402210EC6B00DD033C /* Info.plist */,
				FF9B92412210EC6B00DD033C /* main.m */,
			);
			path = IOS_TP1_Bonus;
			sourceTree = "<group>";
		};
		FF9B924A2210EC6B00DD033C /* IOS_TP1_BonusTests */ = {
			isa = PBXGroup;
			children = (
				FF9B924B2210EC6B00DD033C /* IOS_TP1_BonusTests.m */,
				FF9B924D2210EC6B00DD033C /* Info.plist */,
			);
			path = IOS_TP1_BonusTests;
			sourceTree = "<group>";
		};
		FF9B92552210EC6B00DD033C /* IOS_TP1_BonusUITests */ = {
			isa = PBXGroup;
			children = (
				FF9B92562210EC6B00DD033C /* IOS_TP1_BonusUITests.m */,
				FF9B92582210EC6B00DD033C /* Info.plist */,
			);
			path = IOS_TP1_BonusUITests;
			sourceTree = "<group>";
		};
/* End PBXGroup section */

/* Begin PBXNativeTarget section */
		FF9B922B2210EC6900DD033C /* IOS_TP1_Bonus */ = {
			isa = PBXNativeTarget;
			buildConfigurationList = FF9B925B2210EC6B00DD033C /* Build configuration list for PBXNativeTarget "IOS_TP1_Bonus" */;
			buildPhases = (
				FF9B92282210EC6900DD033C /* Sources */,
				FF9B92292210EC6900DD033C /* Frameworks */,
				FF9B922A2210EC6900DD033C /* Resources */,
			);
			buildRules = (
			);
			dependencies = (
			);
			name = IOS_TP1_Bonus;
			productName = IOS_TP1_Bonus;
			productReference = FF9B922C2210EC6900DD033C /* IOS_TP1_Bonus.app */;
			productType = "com.apple.product-type.application";
		};
		FF9B92462210EC6B00DD033C /* IOS_TP1_BonusTests */ = {
			isa = PBXNativeTarget;
			buildConfigurationList = FF9B925E2210EC6B00DD033C /* Build configuration list for PBXNativeTarget "IOS_TP1_BonusTests" */;
			buildPhases = (
				FF9B92432210EC6B00DD033C /* Sources */,
				FF9B92442210EC6B00DD033C /* Frameworks */,
				FF9B92452210EC6B00DD033C /* Resources */,
			);
			buildRules = (
			);
			dependencies = (
				FF9B92492210EC6B00DD033C /* PBXTargetDependency */,
			);
			name = IOS_TP1_BonusTests;
			productName = IOS_TP1_BonusTests;
			productReference = FF9B92472210EC6B00DD033C /* IOS_TP1_BonusTests.xctest */;
			productType = "com.apple.product-type.bundle.unit-test";
		};
		FF9B92512210EC6B00DD033C /* IOS_TP1_BonusUITests */ = {
			isa = PBXNativeTarget;
			buildConfigurationList = FF9B92612210EC6B00DD033C /* Build configuration list for PBXNativeTarget "IOS_TP1_BonusUITests" */;
			buildPhases = (
				FF9B924E2210EC6B00DD033C /* Sources */,
				FF9B924F2210EC6B00DD033C /* Frameworks */,
				FF9B92502210EC6B00DD033C /* Resources */,
			);
			buildRules = (
			);
			dependencies = (
				FF9B92542210EC6B00DD033C /* PBXTargetDependency */,
			);
			name = IOS_TP1_BonusUITests;
			productName = IOS_TP1_BonusUITests;
			productReference = FF9B92522210EC6B00DD033C /* IOS_TP1_BonusUITests.xctest */;
			productType = "com.apple.product-type.bundle.ui-testing";
		};
/* End PBXNativeTarget section */

/* Begin PBXProject section */
		FF9B92242210EC6900DD033C /* Project object */ = {
			isa = PBXProject;
			attributes = {
				LastUpgradeCheck = 1010;
				ORGANIZATIONNAME = Yanwenli_LOG_C_TP;
				TargetAttributes = {
					FF9B922B2210EC6900DD033C = {
						CreatedOnToolsVersion = 10.1;
					};
					FF9B92462210EC6B00DD033C = {
						CreatedOnToolsVersion = 10.1;
						TestTargetID = FF9B922B2210EC6900DD033C;
					};
					FF9B92512210EC6B00DD033C = {
						CreatedOnToolsVersion = 10.1;
						TestTargetID = FF9B922B2210EC6900DD033C;
					};
				};
			};
			buildConfigurationList = FF9B92272210EC6900DD033C /* Build configuration list for PBXProject "IOS_TP1_Bonus" */;
			compatibilityVersion = "Xcode 9.3";
			developmentRegion = en;
			hasScannedForEncodings = 0;
			knownRegions = (
				en,
				Base,
			);
			mainGroup = FF9B92232210EC6900DD033C;
			productRefGroup = FF9B922D2210EC6900DD033C /* Products */;
			projectDirPath = "";
			projectRoot = "";
			targets = (
				FF9B922B2210EC6900DD033C /* IOS_TP1_Bonus */,
				FF9B92462210EC6B00DD033C /* IOS_TP1_BonusTests */,
				FF9B92512210EC6B00DD033C /* IOS_TP1_BonusUITests */,
			);
		};
/* End PBXProject section */

/* Begin PBXResourcesBuildPhase section */
		FF9B922A2210EC6900DD033C /* Resources */ = {
			isa = PBXResourcesBuildPhase;
			buildActionMask = 2147483647;
			files = (
				FF9B923F2210EC6B00DD033C /* LaunchScreen.storyboard in Resources */,
				FF9B923C2210EC6B00DD033C /* Assets.xcassets in Resources */,
				FF9B923A2210EC6900DD033C /* Main.storyboard in Resources */,
			);
			runOnlyForDeploymentPostprocessing = 0;
		};
		FF9B92452210EC6B00DD033C /* Resources */ = {
			isa = PBXResourcesBuildPhase;
			buildActionMask = 2147483647;
			files = (
			);
			runOnlyForDeploymentPostprocessing = 0;
		};
		FF9B92502210EC6B00DD033C /* Resources */ = {
			isa = PBXResourcesBuildPhase;
			buildActionMask = 2147483647;
			files = (
			);
			runOnlyForDeploymentPostprocessing = 0;
		};
/* End PBXResourcesBuildPhase section */

/* Begin PBXSourcesBuildPhase section */
		FF9B92282210EC6900DD033C /* Sources */ = {
			isa = PBXSourcesBuildPhase;
			buildActionMask = 2147483647;
			files = (
				FF9B92372210EC6900DD033C /* SecondViewController.m in Sources */,
				FF9B92312210EC6900DD033C /* AppDelegate.m in Sources */,
				FF9B92422210EC6B00DD033C /* main.m in Sources */,
				FF9B92342210EC6900DD033C /* FirstViewController.m in Sources */,
			);
			runOnlyForDeploymentPostprocessing = 0;
		};
		FF9B92432210EC6B00DD033C /* Sources */ = {
			isa = PBXSourcesBuildPhase;
			buildActionMask = 2147483647;
			files = (
				FF9B924C2210EC6B00DD033C /* IOS_TP1_BonusTests.m in Sources */,
			);
			runOnlyForDeploymentPostprocessing = 0;
		};
		FF9B924E2210EC6B00DD033C /* Sources */ = {
			isa = PBXSourcesBuildPhase;
			buildActionMask = 2147483647;
			files = (
				FF9B92572210EC6B00DD033C /* IOS_TP1_BonusUITests.m in Sources */,
			);
			runOnlyForDeploymentPostprocessing = 0;
		};
/* End PBXSourcesBuildPhase section */

/* Begin PBXTargetDependency section */
		FF9B92492210EC6B00DD033C /* PBXTargetDependency */ = {
			isa = PBXTargetDependency;
			target = FF9B922B2210EC6900DD033C /* IOS_TP1_Bonus */;
			targetProxy = FF9B92482210EC6B00DD033C /* PBXContainerItemProxy */;
		};
		FF9B92542210EC6B00DD033C /* PBXTargetDependency */ = {
			isa = PBXTargetDependency;
			target = FF9B922B2210EC6900DD033C /* IOS_TP1_Bonus */;
			targetProxy = FF9B92532210EC6B00DD033C /* PBXContainerItemProxy */;
		};
/* End PBXTargetDependency section */

/* Begin PBXVariantGroup section */
		FF9B92382210EC6900DD033C /* Main.storyboard */ = {
			isa = PBXVariantGroup;
			children = (
				FF9B92392210EC6900DD033C /* Base */,
			);
			name = Main.storyboard;
			sourceTree = "<group>";
		};
		FF9B923D2210EC6B00DD033C /* LaunchScreen.storyboard */ = {
			isa = PBXVariantGroup;
			children = (
				FF9B923E2210EC6B00DD033C /* Base */,
			);
			name = LaunchScreen.storyboard;
			sourceTree = "<group>";
		};
/* End PBXVariantGroup section */

/* Begin XCBuildConfiguration section */
		FF9B92592210EC6B00DD033C /* Debug */ = {
			isa = XCBuildConfiguration;
			buildSettings = {
				ALWAYS_SEARCH_USER_PATHS = NO;
				CLANG_ANALYZER_NONNULL = YES;
				CLANG_ANALYZER_NUMBER_OBJECT_CONVERSION = YES_AGGRESSIVE;
				CLANG_CXX_LANGUAGE_STANDARD = "gnu++14";
				CLANG_CXX_LIBRARY = "libc++";
				CLANG_ENABLE_MODULES = YES;
				CLANG_ENABLE_OBJC_ARC = YES;
				CLANG_ENABLE_OBJC_WEAK = YES;
				CLANG_WARN_BLOCK_CAPTURE_AUTORELEASING = YES;
				CLANG_WARN_BOOL_CONVERSION = YES;
				CLANG_WARN_COMMA = YES;
				CLANG_WARN_CONSTANT_CONVERSION = YES;
				CLANG_WARN_DEPRECATED_OBJC_IMPLEMENTATIONS = YES;
				CLANG_WARN_DIRECT_OBJC_ISA_USAGE = YES_ERROR;
				CLANG_WARN_DOCUMENTATION_COMMENTS = YES;
				CLANG_WARN_EMPTY_BODY = YES;
				CLANG_WARN_ENUM_CONVERSION = YES;
				CLANG_WARN_INFINITE_RECURSION = YES;
				CLANG_WARN_INT_CONVERSION = YES;
				CLANG_WARN_NON_LITERAL_NULL_CONVERSION = YES;
				CLANG_WARN_OBJC_IMPLICIT_RETAIN_SELF = YES;
				CLANG_WARN_OBJC_LITERAL_CONVERSION = YES;
				CLANG_WARN_OBJC_ROOT_CLASS = YES_ERROR;
				CLANG_WARN_RANGE_LOOP_ANALYSIS = YES;
				CLANG_WARN_STRICT_PROTOTYPES = YES;
				CLANG_WARN_SUSPICIOUS_MOVE = YES;
				CLANG_WARN_UNGUARDED_AVAILABILITY = YES_AGGRESSIVE;
				CLANG_WARN_UNREACHABLE_CODE = YES;
				CLANG_WARN__DUPLICATE_METHOD_MATCH = YES;
				CODE_SIGN_IDENTITY = "iPhone Developer";
				COPY_PHASE_STRIP = NO;
				DEBUG_INFORMATION_FORMAT = dwarf;
				ENABLE_STRICT_OBJC_MSGSEND = YES;
				ENABLE_TESTABILITY = YES;
				GCC_C_LANGUAGE_STANDARD = gnu11;
				GCC_DYNAMIC_NO_PIC = NO;
				GCC_NO_COMMON_BLOCKS = YES;
				GCC_OPTIMIZATION_LEVEL = 0;
				GCC_PREPROCESSOR_DEFINITIONS = (
					"DEBUG=1",
					"$(inherited)",
				);
				GCC_WARN_64_TO_32_BIT_CONVERSION = YES;
				GCC_WARN_ABOUT_RETURN_TYPE = YES_ERROR;
				GCC_WARN_UNDECLARED_SELECTOR = YES;
				GCC_WARN_UNINITIALIZED_AUTOS = YES_AGGRESSIVE;
				GCC_WARN_UNUSED_FUNCTION = YES;
				GCC_WARN_UNUSED_VARIABLE = YES;
				IPHONEOS_DEPLOYMENT_TARGET = 12.1;
				MTL_ENABLE_DEBUG_INFO = INCLUDE_SOURCE;
				MTL_FAST_MATH = YES;
				ONLY_ACTIVE_ARCH = YES;
				SDKROOT = iphoneos;
			};
			name = Debug;
		};
		FF9B925A2210EC6B00DD033C /* Release */ = {
			isa = XCBuildConfiguration;
			buildSettings = {
				ALWAYS_SEARCH_USER_PATHS = NO;
				CLANG_ANALYZER_NONNULL = YES;
				CLANG_ANALYZER_NUMBER_OBJECT_CONVERSION = YES_AGGRESSIVE;
				CLANG_CXX_LANGUAGE_STANDARD = "gnu++14";
				CLANG_CXX_LIBRARY = "libc++";
				CLANG_ENABLE_MODULES = YES;
				CLANG_ENABLE_OBJC_ARC = YES;
				CLANG_ENABLE_OBJC_WEAK = YES;
				CLANG_WARN_BLOCK_CAPTURE_AUTORELEASING = YES;
				CLANG_WARN_BOOL_CONVERSION = YES;
				CLANG_WARN_COMMA = YES;
				CLANG_WARN_CONSTANT_CONVERSION = YES;
				CLANG_WARN_DEPRECATED_OBJC_IMPLEMENTATIONS = YES;
				CLANG_WARN_DIRECT_OBJC_ISA_USAGE = YES_ERROR;
				CLANG_WARN_DOCUMENTATION_COMMENTS = YES;
				CLANG_WARN_EMPTY_BODY = YES;
				CLANG_WARN_ENUM_CONVERSION = YES;
				CLANG_WARN_INFINITE_RECURSION = YES;
				CLANG_WARN_INT_CONVERSION = YES;
				CLANG_WARN_NON_LITERAL_NULL_CONVERSION = YES;
				CLANG_WARN_OBJC_IMPLICIT_RETAIN_SELF = YES;
				CLANG_WARN_OBJC_LITERAL_CONVERSION = YES;
				CLANG_WARN_OBJC_ROOT_CLASS = YES_ERROR;
				CLANG_WARN_RANGE_LOOP_ANALYSIS = YES;
				CLANG_WARN_STRICT_PROTOTYPES = YES;
				CLANG_WARN_SUSPICIOUS_MOVE = YES;
				CLANG_WARN_UNGUARDED_AVAILABILITY = YES_AGGRESSIVE;
				CLANG_WARN_UNREACHABLE_CODE = YES;
				CLANG_WARN__DUPLICATE_METHOD_MATCH = YES;
				CODE_SIGN_IDENTITY = "iPhone Developer";
				COPY_PHASE_STRIP = NO;
				DEBUG_INFORMATION_FORMAT = "dwarf-with-dsym";
				ENABLE_NS_ASSERTIONS = NO;
				ENABLE_STRICT_OBJC_MSGSEND = YES;
				GCC_C_LANGUAGE_STANDARD = gnu11;
				GCC_NO_COMMON_BLOCKS = YES;
				GCC_WARN_64_TO_32_BIT_CONVERSION = YES;
				GCC_WARN_ABOUT_RETURN_TYPE = YES_ERROR;
				GCC_WARN_UNDECLARED_SELECTOR = YES;
				GCC_WARN_UNINITIALIZED_AUTOS = YES_AGGRESSIVE;
				GCC_WARN_UNUSED_FUNCTION = YES;
				GCC_WARN_UNUSED_VARIABLE = YES;
				IPHONEOS_DEPLOYMENT_TARGET = 12.1;
				MTL_ENABLE_DEBUG_INFO = NO;
				MTL_FAST_MATH = YES;
				SDKROOT = iphoneos;
				VALIDATE_PRODUCT = YES;
			};
			name = Release;
		};
		FF9B925C2210EC6B00DD033C /* Debug */ = {
			isa = XCBuildConfiguration;
			buildSettings = {
				ASSETCATALOG_COMPILER_APPICON_NAME = AppIcon;
				CODE_SIGN_STYLE = Automatic;
				INFOPLIST_FILE = IOS_TP1_Bonus/Info.plist;
				LD_RUNPATH_SEARCH_PATHS = (
					"$(inherited)",
					"@executable_path/Frameworks",
				);
				PRODUCT_BUNDLE_IDENTIFIER = "Log-Projet.IOS-TP1-Bonus";
				PRODUCT_NAME = "$(TARGET_NAME)";
				TARGETED_DEVICE_FAMILY = "1,2";
			};
			name = Debug;
		};
		FF9B925D2210EC6B00DD033C /* Release */ = {
			isa = XCBuildConfiguration;
			buildSettings = {
				ASSETCATALOG_COMPILER_APPICON_NAME = AppIcon;
				CODE_SIGN_STYLE = Automatic;
				INFOPLIST_FILE = IOS_TP1_Bonus/Info.plist;
				LD_RUNPATH_SEARCH_PATHS = (
					"$(inherited)",
					"@executable_path/Frameworks",
				);
				PRODUCT_BUNDLE_IDENTIFIER = "Log-Projet.IOS-TP1-Bonus";
				PRODUCT_NAME = "$(TARGET_NAME)";
				TARGETED_DEVICE_FAMILY = "1,2";
			};
			name = Release;
		};
		FF9B925F2210EC6B00DD033C /* Debug */ = {
			isa = XCBuildConfiguration;
			buildSettings = {
				BUNDLE_LOADER = "$(TEST_HOST)";
				CODE_SIGN_STYLE = Automatic;
				INFOPLIST_FILE = IOS_TP1_BonusTests/Info.plist;
				LD_RUNPATH_SEARCH_PATHS = (
					"$(inherited)",
					"@executable_path/Frameworks",
					"@loader_path/Frameworks",
				);
				PRODUCT_BUNDLE_IDENTIFIER = "Log-Projet.IOS-TP1-BonusTests";
				PRODUCT_NAME = "$(TARGET_NAME)";
				TARGETED_DEVICE_FAMILY = "1,2";
				TEST_HOST = "$(BUILT_PRODUCTS_DIR)/IOS_TP1_Bonus.app/IOS_TP1_Bonus";
			};
			name = Debug;
		};
		FF9B92602210EC6B00DD033C /* Release */ = {
			isa = XCBuildConfiguration;
			buildSettings = {
				BUNDLE_LOADER = "$(TEST_HOST)";
				CODE_SIGN_STYLE = Automatic;
				INFOPLIST_FILE = IOS_TP1_BonusTests/Info.plist;
				LD_RUNPATH_SEARCH_PATHS = (
					"$(inherited)",
					"@executable_path/Frameworks",
					"@loader_path/Frameworks",
				);
				PRODUCT_BUNDLE_IDENTIFIER = "Log-Projet.IOS-TP1-BonusTests";
				PRODUCT_NAME = "$(TARGET_NAME)";
				TARGETED_DEVICE_FAMILY = "1,2";
				TEST_HOST = "$(BUILT_PRODUCTS_DIR)/IOS_TP1_Bonus.app/IOS_TP1_Bonus";
			};
			name = Release;
		};
		FF9B92622210EC6B00DD033C /* Debug */ = {
			isa = XCBuildConfiguration;
			buildSettings = {
				CODE_SIGN_STYLE = Automatic;
				INFOPLIST_FILE = IOS_TP1_BonusUITests/Info.plist;
				LD_RUNPATH_SEARCH_PATHS = (
					"$(inherited)",
					"@executable_path/Frameworks",
					"@loader_path/Frameworks",
				);
				PRODUCT_BUNDLE_IDENTIFIER = "Log-Projet.IOS-TP1-BonusUITests";
				PRODUCT_NAME = "$(TARGET_NAME)";
				TARGETED_DEVICE_FAMILY = "1,2";
				TEST_TARGET_NAME = IOS_TP1_Bonus;
			};
			name = Debug;
		};
		FF9B92632210EC6B00DD033C /* Release */ = {
			isa = XCBuildConfiguration;
			buildSettings = {
				CODE_SIGN_STYLE = Automatic;
				INFOPLIST_FILE = IOS_TP1_BonusUITests/Info.plist;
				LD_RUNPATH_SEARCH_PATHS = (
					"$(inherited)",
					"@executable_path/Frameworks",
					"@loader_path/Frameworks",
				);
				PRODUCT_BUNDLE_IDENTIFIER = "Log-Projet.IOS-TP1-BonusUITests";
				PRODUCT_NAME = "$(TARGET_NAME)";
				TARGETED_DEVICE_FAMILY = "1,2";
				TEST_TARGET_NAME = IOS_TP1_Bonus;
			};
			name = Release;
		};
/* End XCBuildConfiguration section */

/* Begin XCConfigurationList section */
		FF9B92272210EC6900DD033C /* Build configuration list for PBXProject "IOS_TP1_Bonus" */ = {
			isa = XCConfigurationList;
			buildConfigurations = (
				FF9B92592210EC6B00DD033C /* Debug */,
				FF9B925A2210EC6B00DD033C /* Release */,
			);
			defaultConfigurationIsVisible = 0;
			defaultConfigurationName = Release;
		};
		FF9B925B2210EC6B00DD033C /* Build configuration list for PBXNativeTarget "IOS_TP1_Bonus" */ = {
			isa = XCConfigurationList;
			buildConfigurations = (
				FF9B925C2210EC6B00DD033C /* Debug */,
				FF9B925D2210EC6B00DD033C /* Release */,
			);
			defaultConfigurationIsVisible = 0;
			defaultConfigurationName = Release;
		};
		FF9B925E2210EC6B00DD033C /* Build configuration list for PBXNativeTarget "IOS_TP1_BonusTests" */ = {
			isa = XCConfigurationList;
			buildConfigurations = (
				FF9B925F2210EC6B00DD033C /* Debug */,
				FF9B92602210EC6B00DD033C /* Release */,
			);
			defaultConfigurationIsVisible = 0;
			defaultConfigurationName = Release;
		};
		FF9B92612210EC6B00DD033C /* Build configuration list for PBXNativeTarget "IOS_TP1_BonusUITests" */ = {
			isa = XCConfigurationList;
			buildConfigurations = (
				FF9B92622210EC6B00DD033C /* Debug */,
				FF9B92632210EC6B00DD033C /* Release */,
			);
			defaultConfigurationIsVisible = 0;
			defaultConfigurationName = Release;
		};
/* End XCConfigurationList section */
	};
	rootObject = FF9B92242210EC6900DD033C /* Project object */;
}
